<Solution>
  <Project Path="Flashdrop.API/Flashdrop.API.csproj" />
  <Project Path="Flashdrop.Application/Flashdrop.Application.csproj" Id="fbfa976e-b7d3-4a33-a6bd-7d7467a3f474" />
  <Project Path="Flashdrop.Data/Flashdrop.Data.csproj" />
  <Project Path="Flashdrop.Tests/Flashdrop.Tests.csproj" />
</Solution>
